
Microsoft Visual Studio Solution File, Format Version 12.00
# Visual Studio 15
VisualStudioVersion = 15.0.26124.0
MinimumVisualStudioVersion = 15.0.26124.0
Project("{FAE04EC0-301F-11D3-BF4B-00C04F79EFBC}") = "Domain", "Domain\Domain.csproj", "{043BCD23-884A-4083-8A00-2C7823920676}"
EndProject
Project("{FAE04EC0-301F-11D3-BF4B-00C04F79EFBC}") = "Application", "Application\Application.csproj", "{C0C08C6A-4196-4366-B3B5-1986E5621EDF}"
EndProject
Project("{FAE04EC0-301F-11D3-BF4B-00C04F79EFBC}") = "API", "API\API.csproj", "{79F43068-8999-40DC-BDC1-0708D3DB39BF}"
EndProject
Project("{FAE04EC0-301F-11D3-BF4B-00C04F79EFBC}") = "Persistence", "Persistence\Persistence.csproj", "{FAC35D57-9423-4DA6-B6D5-BA2DF41593ED}"
EndProject
Global
	GlobalSection(SolutionConfigurationPlatforms) = preSolution
		Debug|Any CPU = Debug|Any CPU
		Debug|x64 = Debug|x64
		Debug|x86 = Debug|x86
		Release|Any CPU = Release|Any CPU
		Release|x64 = Release|x64
		Release|x86 = Release|x86
	EndGlobalSection
	GlobalSection(SolutionProperties) = preSolution
		HideSolutionNode = FALSE
	EndGlobalSection
	GlobalSection(ProjectConfigurationPlatforms) = postSolution
		{043BCD23-884A-4083-8A00-2C7823920676}.Debug|Any CPU.ActiveCfg = Debug|Any CPU
		{043BCD23-884A-4083-8A00-2C7823920676}.Debug|Any CPU.Build.0 = Debug|Any CPU
		{043BCD23-884A-4083-8A00-2C7823920676}.Debug|x64.ActiveCfg = Debug|Any CPU
		{043BCD23-884A-4083-8A00-2C7823920676}.Debug|x64.Build.0 = Debug|Any CPU
		{043BCD23-884A-4083-8A00-2C7823920676}.Debug|x86.ActiveCfg = Debug|Any CPU
		{043BCD23-884A-4083-8A00-2C7823920676}.Debug|x86.Build.0 = Debug|Any CPU
		{043BCD23-884A-4083-8A00-2C7823920676}.Release|Any CPU.ActiveCfg = Release|Any CPU
		{043BCD23-884A-4083-8A00-2C7823920676}.Release|Any CPU.Build.0 = Release|Any CPU
		{043BCD23-884A-4083-8A00-2C7823920676}.Release|x64.ActiveCfg = Release|Any CPU
		{043BCD23-884A-4083-8A00-2C7823920676}.Release|x64.Build.0 = Release|Any CPU
		{043BCD23-884A-4083-8A00-2C7823920676}.Release|x86.ActiveCfg = Release|Any CPU
		{043BCD23-884A-4083-8A00-2C7823920676}.Release|x86.Build.0 = Release|Any CPU
		{C0C08C6A-4196-4366-B3B5-1986E5621EDF}.Debug|Any CPU.ActiveCfg = Debug|Any CPU
		{C0C08C6A-4196-4366-B3B5-1986E5621EDF}.Debug|Any CPU.Build.0 = Debug|Any CPU
		{C0C08C6A-4196-4366-B3B5-1986E5621EDF}.Debug|x64.ActiveCfg = Debug|Any CPU
		{C0C08C6A-4196-4366-B3B5-1986E5621EDF}.Debug|x64.Build.0 = Debug|Any CPU
		{C0C08C6A-4196-4366-B3B5-1986E5621EDF}.Debug|x86.ActiveCfg = Debug|Any CPU
		{C0C08C6A-4196-4366-B3B5-1986E5621EDF}.Debug|x86.Build.0 = Debug|Any CPU
		{C0C08C6A-4196-4366-B3B5-1986E5621EDF}.Release|Any CPU.ActiveCfg = Release|Any CPU
		{C0C08C6A-4196-4366-B3B5-1986E5621EDF}.Release|Any CPU.Build.0 = Release|Any CPU
		{C0C08C6A-4196-4366-B3B5-1986E5621EDF}.Release|x64.ActiveCfg = Release|Any CPU
		{C0C08C6A-4196-4366-B3B5-1986E5621EDF}.Release|x64.Build.0 = Release|Any CPU
		{C0C08C6A-4196-4366-B3B5-1986E5621EDF}.Release|x86.ActiveCfg = Release|Any CPU
		{C0C08C6A-4196-4366-B3B5-1986E5621EDF}.Release|x86.Build.0 = Release|Any CPU
		{79F43068-8999-40DC-BDC1-0708D3DB39BF}.Debug|Any CPU.ActiveCfg = Debug|Any CPU
		{79F43068-8999-40DC-BDC1-0708D3DB39BF}.Debug|Any CPU.Build.0 = Debug|Any CPU
		{79F43068-8999-40DC-BDC1-0708D3DB39BF}.Debug|x64.ActiveCfg = Debug|Any CPU
		{79F43068-8999-40DC-BDC1-0708D3DB39BF}.Debug|x64.Build.0 = Debug|Any CPU
		{79F43068-8999-40DC-BDC1-0708D3DB39BF}.Debug|x86.ActiveCfg = Debug|Any CPU
		{79F43068-8999-40DC-BDC1-0708D3DB39BF}.Debug|x86.Build.0 = Debug|Any CPU
		{79F43068-8999-40DC-BDC1-0708D3DB39BF}.Release|Any CPU.ActiveCfg = Release|Any CPU
		{79F43068-8999-40DC-BDC1-0708D3DB39BF}.Release|Any CPU.Build.0 = Release|Any CPU
		{79F43068-8999-40DC-BDC1-0708D3DB39BF}.Release|x64.ActiveCfg = Release|Any CPU
		{79F43068-8999-40DC-BDC1-0708D3DB39BF}.Release|x64.Build.0 = Release|Any CPU
		{79F43068-8999-40DC-BDC1-0708D3DB39BF}.Release|x86.ActiveCfg = Release|Any CPU
		{79F43068-8999-40DC-BDC1-0708D3DB39BF}.Release|x86.Build.0 = Release|Any CPU
		{FAC35D57-9423-4DA6-B6D5-BA2DF41593ED}.Debug|Any CPU.ActiveCfg = Debug|Any CPU
		{FAC35D57-9423-4DA6-B6D5-BA2DF41593ED}.Debug|Any CPU.Build.0 = Debug|Any CPU
		{FAC35D57-9423-4DA6-B6D5-BA2DF41593ED}.Debug|x64.ActiveCfg = Debug|Any CPU
		{FAC35D57-9423-4DA6-B6D5-BA2DF41593ED}.Debug|x64.Build.0 = Debug|Any CPU
		{FAC35D57-9423-4DA6-B6D5-BA2DF41593ED}.Debug|x86.ActiveCfg = Debug|Any CPU
		{FAC35D57-9423-4DA6-B6D5-BA2DF41593ED}.Debug|x86.Build.0 = Debug|Any CPU
		{FAC35D57-9423-4DA6-B6D5-BA2DF41593ED}.Release|Any CPU.ActiveCfg = Release|Any CPU
		{FAC35D57-9423-4DA6-B6D5-BA2DF41593ED}.Release|Any CPU.Build.0 = Release|Any CPU
		{FAC35D57-9423-4DA6-B6D5-BA2DF41593ED}.Release|x64.ActiveCfg = Release|Any CPU
		{FAC35D57-9423-4DA6-B6D5-BA2DF41593ED}.Release|x64.Build.0 = Release|Any CPU
		{FAC35D57-9423-4DA6-B6D5-BA2DF41593ED}.Release|x86.ActiveCfg = Release|Any CPU
		{FAC35D57-9423-4DA6-B6D5-BA2DF41593ED}.Release|x86.Build.0 = Release|Any CPU
	EndGlobalSection
EndGlobal
